// !$*UTF8*$!
{
	archiveVersion = 1;
	classes = {
	};
	objectVersion = 46;
	objects = {

/* Begin PBXBuildFile section */
		6617A32E18833C32008340DA /* Foundation.framework in Frameworks */ = {isa = PBXBuildFile; fileRef = 6617A32D18833C32008340DA /* Foundation.framework */; };
		6617A33018833C32008340DA /* CoreGraphics.framework in Frameworks */ = {isa = PBXBuildFile; fileRef = 6617A32F18833C32008340DA /* CoreGraphics.framework */; };
		6617A33218833C32008340DA /* UIKit.framework in Frameworks */ = {isa = PBXBuildFile; fileRef = 6617A33118833C32008340DA /* UIKit.framework */; };
		6617A33818833C32008340DA /* InfoPlist.strings in Resources */ = {isa = PBXBuildFile; fileRef = 6617A33618833C32008340DA /* InfoPlist.strings */; };
		6617A33A18833C32008340DA /* main.m in Sources */ = {isa = PBXBuildFile; fileRef = 6617A33918833C32008340DA /* main.m */; };
		6617A33E18833C32008340DA /* SSAppDelegate.m in Sources */ = {isa = PBXBuildFile; fileRef = 6617A33D18833C32008340DA /* SSAppDelegate.m */; };
		6617A34118833C32008340DA /* Main.storyboard in Resources */ = {isa = PBXBuildFile; fileRef = 6617A33F18833C32008340DA /* Main.storyboard */; };
		6617A34418833C32008340DA /* SSViewController.m in Sources */ = {isa = PBXBuildFile; fileRef = 6617A34318833C32008340DA /* SSViewController.m */; };
		6617A34618833C32008340DA /* Images.xcassets in Resources */ = {isa = PBXBuildFile; fileRef = 6617A34518833C32008340DA /* Images.xcassets */; };
		6653190C18844D3A00791A98 /* SSInstagramView.m in Sources */ = {isa = PBXBuildFile; fileRef = 6653190B18844D3A00791A98 /* SSInstagramView.m */; };
		6653190E18844E5C00791A98 /* InstagramLogo@2x.png in Resources */ = {isa = PBXBuildFile; fileRef = 6653190D18844E5C00791A98 /* InstagramLogo@2x.png */; };
		6653191018844FD000791A98 /* InstagramPhoto0.jpg in Resources */ = {isa = PBXBuildFile; fileRef = 6653190F18844FD000791A98 /* InstagramPhoto0.jpg */; };
		6653191218844FD500791A98 /* InstagramPhoto1.jpg in Resources */ = {isa = PBXBuildFile; fileRef = 6653191118844FD500791A98 /* InstagramPhoto1.jpg */; };
		6653191418844FDA00791A98 /* InstagramPhoto2.jpg in Resources */ = {isa = PBXBuildFile; fileRef = 6653191318844FDA00791A98 /* InstagramPhoto2.jpg */; };
		665319161884531400791A98 /* InstagramUI@2x.png in Resources */ = {isa = PBXBuildFile; fileRef = 665319151884531400791A98 /* InstagramUI@2x.png */; };
/* End PBXBuildFile section */

/* Begin PBXFileReference section */
		6617A32A18833C32008340DA /* snapshotter.app */ = {isa = PBXFileReference; explicitFileType = wrapper.application; includeInIndex = 0; path = snapshotter.app; sourceTree = BUILT_PRODUCTS_DIR; };
		6617A32D18833C32008340DA /* Foundation.framework */ = {isa = PBXFileReference; lastKnownFileType = wrapper.framework; name = Foundation.framework; path = System/Library/Frameworks/Foundation.framework; sourceTree = SDKROOT; };
		6617A32F18833C32008340DA /* CoreGraphics.framework */ = {isa = PBXFileReference; lastKnownFileType = wrapper.framework; name = CoreGraphics.framework; path = System/Library/Frameworks/CoreGraphics.framework; sourceTree = SDKROOT; };
		6617A33118833C32008340DA /* UIKit.framework */ = {isa = PBXFileReference; lastKnownFileType = wrapper.framework; name = UIKit.framework; path = System/Library/Frameworks/UIKit.framework; sourceTree = SDKROOT; };
		6617A33518833C32008340DA /* snapshotter-Info.plist */ = {isa = PBXFileReference; lastKnownFileType = text.plist.xml; path = "snapshotter-Info.plist"; sourceTree = "<group>"; };
		6617A33718833C32008340DA /* en */ = {isa = PBXFileReference; lastKnownFileType = text.plist.strings; name = en; path = en.lproj/InfoPlist.strings; sourceTree = "<group>"; };
		6617A33918833C32008340DA /* main.m */ = {isa = PBXFileReference; lastKnownFileType = sourcecode.c.objc; path = main.m; sourceTree = "<group>"; };
		6617A33B18833C32008340DA /* snapshotter-Prefix.pch */ = {isa = PBXFileReference; lastKnownFileType = sourcecode.c.h; path = "snapshotter-Prefix.pch"; sourceTree = "<group>"; };
		6617A33C18833C32008340DA /* SSAppDelegate.h */ = {isa = PBXFileReference; lastKnownFileType = sourcecode.c.h; path = SSAppDelegate.h; sourceTree = "<group>"; };
		6617A33D18833C32008340DA /* SSAppDelegate.m */ = {isa = PBXFileReference; lastKnownFileType = sourcecode.c.objc; path = SSAppDelegate.m; sourceTree = "<group>"; };
		6617A34018833C32008340DA /* Base */ = {isa = PBXFileReference; lastKnownFileType = file.storyboard; name = Base; path = Base.lproj/Main.storyboard; sourceTree = "<group>"; };
		6617A34218833C32008340DA /* SSViewController.h */ = {isa = PBXFileReference; lastKnownFileType = sourcecode.c.h; path = SSViewController.h; sourceTree = "<group>"; };
		6617A34318833C32008340DA /* SSViewController.m */ = {isa = PBXFileReference; lastKnownFileType = sourcecode.c.objc; path = SSViewController.m; sourceTree = "<group>"; };
		6617A34518833C32008340DA /* Images.xcassets */ = {isa = PBXFileReference; lastKnownFileType = folder.assetcatalog; path = Images.xcassets; sourceTree = "<group>"; };
		6617A34C18833C32008340DA /* XCTest.framework */ = {isa = PBXFileReference; lastKnownFileType = wrapper.framework; name = XCTest.framework; path = Library/Frameworks/XCTest.framework; sourceTree = DEVELOPER_DIR; };
		6653190A18844D3A00791A98 /* SSInstagramView.h */ = {isa = PBXFileReference; fileEncoding = 4; lastKnownFileType = sourcecode.c.h; path = SSInstagramView.h; sourceTree = "<group>"; };
		6653190B18844D3A00791A98 /* SSInstagramView.m */ = {isa = PBXFileReference; fileEncoding = 4; lastKnownFileType = sourcecode.c.objc; path = SSInstagramView.m; sourceTree = "<group>"; };
		6653190D18844E5C00791A98 /* InstagramLogo@2x.png */ = {isa = PBXFileReference; lastKnownFileType = image.png; path = "InstagramLogo@2x.png"; sourceTree = "<group>"; };
		6653190F18844FD000791A98 /* InstagramPhoto0.jpg */ = {isa = PBXFileReference; lastKnownFileType = image.jpeg; path = InstagramPhoto0.jpg; sourceTree = "<group>"; };
		6653191118844FD500791A98 /* InstagramPhoto1.jpg */ = {isa = PBXFileReference; lastKnownFileType = image.jpeg; path = InstagramPhoto1.jpg; sourceTree = "<group>"; };
		6653191318844FDA00791A98 /* InstagramPhoto2.jpg */ = {isa = PBXFileReference; lastKnownFileType = image.jpeg; path = InstagramPhoto2.jpg; sourceTree = "<group>"; };
		665319151884531400791A98 /* InstagramUI@2x.png */ = {isa = PBXFileReference; lastKnownFileType = image.png; path = "InstagramUI@2x.png"; sourceTree = "<group>"; };
/* End PBXFileReference section */

/* Begin PBXFrameworksBuildPhase section */
		6617A32718833C32008340DA /* Frameworks */ = {
			isa = PBXFrameworksBuildPhase;
			buildActionMask = 2147483647;
			files = (
				6617A33018833C32008340DA /* CoreGraphics.framework in Frameworks */,
				6617A33218833C32008340DA /* UIKit.framework in Frameworks */,
				6617A32E18833C32008340DA /* Foundation.framework in Frameworks */,
			);
			runOnlyForDeploymentPostprocessing = 0;
		};
/* End PBXFrameworksBuildPhase section */

/* Begin PBXGroup section */
		6617A32118833C32008340DA = {
			isa = PBXGroup;
			children = (
				6617A33318833C32008340DA /* snapshotter */,
				6617A32C18833C32008340DA /* Frameworks */,
				6617A32B18833C32008340DA /* Products */,
			);
			sourceTree = "<group>";
		};
		6617A32B18833C32008340DA /* Products */ = {
			isa = PBXGroup;
			children = (
				6617A32A18833C32008340DA /* snapshotter.app */,
			);
			name = Products;
			sourceTree = "<group>";
		};
		6617A32C18833C32008340DA /* Frameworks */ = {
			isa = PBXGroup;
			children = (
				6617A32D18833C32008340DA /* Foundation.framework */,
				6617A32F18833C32008340DA /* CoreGraphics.framework */,
				6617A33118833C32008340DA /* UIKit.framework */,
				6617A34C18833C32008340DA /* XCTest.framework */,
			);
			name = Frameworks;
			sourceTree = "<group>";
		};
		6617A33318833C32008340DA /* snapshotter */ = {
			isa = PBXGroup;
			children = (
				6617A33C18833C32008340DA /* SSAppDelegate.h */,
				6617A33D18833C32008340DA /* SSAppDelegate.m */,
				6617A33F18833C32008340DA /* Main.storyboard */,
				6617A34218833C32008340DA /* SSViewController.h */,
				6617A34318833C32008340DA /* SSViewController.m */,
				6653190A18844D3A00791A98 /* SSInstagramView.h */,
				6653190B18844D3A00791A98 /* SSInstagramView.m */,
				6617A34518833C32008340DA /* Images.xcassets */,
				6617A33418833C32008340DA /* Supporting Files */,
			);
			path = snapshotter;
			sourceTree = "<group>";
		};
		6617A33418833C32008340DA /* Supporting Files */ = {
			isa = PBXGroup;
			children = (
				6653190D18844E5C00791A98 /* InstagramLogo@2x.png */,
				6653190F18844FD000791A98 /* InstagramPhoto0.jpg */,
				6653191118844FD500791A98 /* InstagramPhoto1.jpg */,
				6653191318844FDA00791A98 /* InstagramPhoto2.jpg */,
				665319151884531400791A98 /* InstagramUI@2x.png */,
				6617A33518833C32008340DA /* snapshotter-Info.plist */,
				6617A33618833C32008340DA /* InfoPlist.strings */,
				6617A33918833C32008340DA /* main.m */,
				6617A33B18833C32008340DA /* snapshotter-Prefix.pch */,
			);
			name = "Supporting Files";
			sourceTree = "<group>";
		};
/* End PBXGroup section */

/* Begin PBXNativeTarget section */
		6617A32918833C32008340DA /* snapshotter */ = {
			isa = PBXNativeTarget;
			buildConfigurationList = 6617A35C18833C32008340DA /* Build configuration list for PBXNativeTarget "snapshotter" */;
			buildPhases = (
				6617A32618833C32008340DA /* Sources */,
				6617A32718833C32008340DA /* Frameworks */,
				6617A32818833C32008340DA /* Resources */,
			);
			buildRules = (
			);
			dependencies = (
			);
			name = snapshotter;
			productName = snapshotter;
			productReference = 6617A32A18833C32008340DA /* snapshotter.app */;
			productType = "com.apple.product-type.application";
		};
/* End PBXNativeTarget section */

/* Begin PBXProject section */
		6617A32218833C32008340DA /* Project object */ = {
			isa = PBXProject;
			attributes = {
				CLASSPREFIX = SS;
				LastUpgradeCheck = 0500;
				ORGANIZATIONNAME = "Adam Bell";
			};
			buildConfigurationList = 6617A32518833C32008340DA /* Build configuration list for PBXProject "snapshotter" */;
			compatibilityVersion = "Xcode 3.2";
			developmentRegion = English;
			hasScannedForEncodings = 0;
			knownRegions = (
				en,
				Base,
			);
			mainGroup = 6617A32118833C32008340DA;
			productRefGroup = 6617A32B18833C32008340DA /* Products */;
			projectDirPath = "";
			projectRoot = "";
			targets = (
				6617A32918833C32008340DA /* snapshotter */,
			);
		};
/* End PBXProject section */

/* Begin PBXResourcesBuildPhase section */
		6617A32818833C32008340DA /* Resources */ = {
			isa = PBXResourcesBuildPhase;
			buildActionMask = 2147483647;
			files = (
				6653190E18844E5C00791A98 /* InstagramLogo@2x.png in Resources */,
				6653191418844FDA00791A98 /* InstagramPhoto2.jpg in Resources */,
				6617A34618833C32008340DA /* Images.xcassets in Resources */,
				665319161884531400791A98 /* InstagramUI@2x.png in Resources */,
				6617A33818833C32008340DA /* InfoPlist.strings in Resources */,
				6653191018844FD000791A98 /* InstagramPhoto0.jpg in Resources */,
				6653191218844FD500791A98 /* InstagramPhoto1.jpg in Resources */,
				6617A34118833C32008340DA /* Main.storyboard in Resources */,
			);
			runOnlyForDeploymentPostprocessing = 0;
		};
/* End PBXResourcesBuildPhase section */

/* Begin PBXSourcesBuildPhase section */
		6617A32618833C32008340DA /* Sources */ = {
			isa = PBXSourcesBuildPhase;
			buildActionMask = 2147483647;
			files = (
				6617A34418833C32008340DA /* SSViewController.m in Sources */,
				6617A33E18833C32008340DA /* SSAppDelegate.m in Sources */,
				6617A33A18833C32008340DA /* main.m in Sources */,
				6653190C18844D3A00791A98 /* SSInstagramView.m in Sources */,
			);
			runOnlyForDeploymentPostprocessing = 0;
		};
/* End PBXSourcesBuildPhase section */

/* Begin PBXVariantGroup section */
		6617A33618833C32008340DA /* InfoPlist.strings */ = {
			isa = PBXVariantGroup;
			children = (
				6617A33718833C32008340DA /* en */,
			);
			name = InfoPlist.strings;
			sourceTree = "<group>";
		};
		6617A33F18833C32008340DA /* Main.storyboard */ = {
			isa = PBXVariantGroup;
			children = (
				6617A34018833C32008340DA /* Base */,
			);
			name = Main.storyboard;
			sourceTree = "<group>";
		};
/* End PBXVariantGroup section */

/* Begin XCBuildConfiguration section */
		6617A35A18833C32008340DA /* Debug */ = {
			isa = XCBuildConfiguration;
			buildSettings = {
				ALWAYS_SEARCH_USER_PATHS = NO;
				ARCHS = "$(ARCHS_STANDARD_INCLUDING_64_BIT)";
				CLANG_CXX_LANGUAGE_STANDARD = "gnu++0x";
				CLANG_CXX_LIBRARY = "libc++";
				CLANG_ENABLE_MODULES = YES;
				CLANG_ENABLE_OBJC_ARC = YES;
				CLANG_WARN_BOOL_CONVERSION = YES;
				CLANG_WARN_CONSTANT_CONVERSION = YES;
				CLANG_WARN_DIRECT_OBJC_ISA_USAGE = YES_ERROR;
				CLANG_WARN_EMPTY_BODY = YES;
				CLANG_WARN_ENUM_CONVERSION = YES;
				CLANG_WARN_INT_CONVERSION = YES;
				CLANG_WARN_OBJC_ROOT_CLASS = YES_ERROR;
				CLANG_WARN__DUPLICATE_METHOD_MATCH = YES;
				"CODE_SIGN_IDENTITY[sdk=iphoneos*]" = "iPhone Developer";
				COPY_PHASE_STRIP = NO;
				GCC_C_LANGUAGE_STANDARD = gnu99;
				GCC_DYNAMIC_NO_PIC = NO;
				GCC_OPTIMIZATION_LEVEL = 0;
				GCC_PREPROCESSOR_DEFINITIONS = (
					"DEBUG=1",
					"$(inherited)",
				);
				GCC_SYMBOLS_PRIVATE_EXTERN = NO;
				GCC_WARN_64_TO_32_BIT_CONVERSION = YES;
				GCC_WARN_ABOUT_RETURN_TYPE = YES_ERROR;
				GCC_WARN_UNDECLARED_SELECTOR = YES;
				GCC_WARN_UNINITIALIZED_AUTOS = YES;
				GCC_WARN_UNUSED_FUNCTION = YES;
				GCC_WARN_UNUSED_VARIABLE = YES;
				IPHONEOS_DEPLOYMENT_TARGET = 7.0;
				ONLY_ACTIVE_ARCH = YES;
				SDKROOT = iphoneos;
			};
			name = Debug;
		};
		6617A35B18833C32008340DA /* Release */ = {
			isa = XCBuildConfiguration;
			buildSettings = {
				ALWAYS_SEARCH_USER_PATHS = NO;
				ARCHS = "$(ARCHS_STANDARD_INCLUDING_64_BIT)";
				CLANG_CXX_LANGUAGE_STANDARD = "gnu++0x";
				CLANG_CXX_LIBRARY = "libc++";
				CLANG_ENABLE_MODULES = YES;
				CLANG_ENABLE_OBJC_ARC = YES;
				CLANG_WARN_BOOL_CONVERSION = YES;
				CLANG_WARN_CONSTANT_CONVERSION = YES;
				CLANG_WARN_DIRECT_OBJC_ISA_USAGE = YES_ERROR;
				CLANG_WARN_EMPTY_BODY = YES;
				CLANG_WARN_ENUM_CONVERSION = YES;
				CLANG_WARN_INT_CONVERSION = YES;
				CLANG_WARN_OBJC_ROOT_CLASS = YES_ERROR;
				CLANG_WARN__DUPLICATE_METHOD_MATCH = YES;
				"CODE_SIGN_IDENTITY[sdk=iphoneos*]" = "iPhone Developer";
				COPY_PHASE_STRIP = YES;
				ENABLE_NS_ASSERTIONS = NO;
				GCC_C_LANGUAGE_STANDARD = gnu99;
				GCC_WARN_64_TO_32_BIT_CONVERSION = YES;
				GCC_WARN_ABOUT_RETURN_TYPE = YES_ERROR;
				GCC_WARN_UNDECLARED_SELECTOR = YES;
				GCC_WARN_UNINITIALIZED_AUTOS = YES;
				GCC_WARN_UNUSED_FUNCTION = YES;
				GCC_WARN_UNUSED_VARIABLE = YES;
				IPHONEOS_DEPLOYMENT_TARGET = 7.0;
				SDKROOT = iphoneos;
				VALIDATE_PRODUCT = YES;
			};
			name = Release;
		};
		6617A35D18833C32008340DA /* Debug */ = {
			isa = XCBuildConfiguration;
			buildSettings = {
				ASSETCATALOG_COMPILER_APPICON_NAME = AppIcon;
				ASSETCATALOG_COMPILER_LAUNCHIMAGE_NAME = LaunchImage;
				GCC_PRECOMPILE_PREFIX_HEADER = YES;
				GCC_PREFIX_HEADER = "snapshotter/snapshotter-Prefix.pch";
				INFOPLIST_FILE = "snapshotter/snapshotter-Info.plist";
				PRODUCT_NAME = "$(TARGET_NAME)";
				WRAPPER_EXTENSION = app;
			};
			name = Debug;
		};
		6617A35E18833C32008340DA /* Release */ = {
			isa = XCBuildConfiguration;
			buildSettings = {
				ASSETCATALOG_COMPILER_APPICON_NAME = AppIcon;
				ASSETCATALOG_COMPILER_LAUNCHIMAGE_NAME = LaunchImage;
				GCC_PRECOMPILE_PREFIX_HEADER = YES;
				GCC_PREFIX_HEADER = "snapshotter/snapshotter-Prefix.pch";
				INFOPLIST_FILE = "snapshotter/snapshotter-Info.plist";
				PRODUCT_NAME = "$(TARGET_NAME)";
				WRAPPER_EXTENSION = app;
			};
			name = Release;
		};
/* End XCBuildConfiguration section */

/* Begin XCConfigurationList section */
		6617A32518833C32008340DA /* Build configuration list for PBXProject "snapshotter" */ = {
			isa = XCConfigurationList;
			buildConfigurations = (
				6617A35A18833C32008340DA /* Debug */,
				6617A35B18833C32008340DA /* Release */,
			);
			defaultConfigurationIsVisible = 0;
			defaultConfigurationName = Release;
		};
		6617A35C18833C32008340DA /* Build configuration list for PBXNativeTarget "snapshotter" */ = {
			isa = XCConfigurationList;
			buildConfigurations = (
				6617A35D18833C32008340DA /* Debug */,
				6617A35E18833C32008340DA /* Release */,
			);
			defaultConfigurationIsVisible = 0;
			defaultConfigurationName = Release;
		};
/* End XCConfigurationList section */
	};
	rootObject = 6617A32218833C32008340DA /* Project object */;
}
